// !$*UTF8*$!
{
	archiveVersion = 1;
	classes = {
	};
	objectVersion = 77;
	objects = {

/* Begin PBXContainerItemProxy section */
		C8F767192D77A6B80060E9BE /* PBXContainerItemProxy */ = {
			isa = PBXContainerItemProxy;
			containerPortal = C8F767002D77A6B60060E9BE /* Project object */;
			proxyType = 1;
			remoteGlobalIDString = C8F767072D77A6B60060E9BE;
			remoteInfo = "FlipFolder App";
		};
		C8F767232D77A6B80060E9BE /* PBXContainerItemProxy */ = {
			isa = PBXContainerItemProxy;
			containerPortal = C8F767002D77A6B60060E9BE /* Project object */;
			proxyType = 1;
			remoteGlobalIDString = C8F767072D77A6B60060E9BE;
			remoteInfo = "FlipFolder App";
		};
/* End PBXContainerItemProxy section */

/* Begin PBXFileReference section */
		C8F767082D77A6B60060E9BE /* FlipFolder App.app */ = {isa = PBXFileReference; explicitFileType = wrapper.application; includeInIndex = 0; path = "FlipFolder App.app"; sourceTree = BUILT_PRODUCTS_DIR; };
		C8F767182D77A6B80060E9BE /* FlipFolder AppTests.xctest */ = {isa = PBXFileReference; explicitFileType = wrapper.cfbundle; includeInIndex = 0; path = "FlipFolder AppTests.xctest"; sourceTree = BUILT_PRODUCTS_DIR; };
		C8F767222D77A6B80060E9BE /* FlipFolder AppUITests.xctest */ = {isa = PBXFileReference; explicitFileType = wrapper.cfbundle; includeInIndex = 0; path = "FlipFolder AppUITests.xctest"; sourceTree = BUILT_PRODUCTS_DIR; };
/* End PBXFileReference section */

/* Begin PBXFileSystemSynchronizedBuildFileExceptionSet section */
		C805E2CD2D8A625700064EEF /* Exceptions for "FlipFolder" folder in "FlipFolder AppTests" target */ = {
			isa = PBXFileSystemSynchronizedBuildFileExceptionSet;
			membershipExceptions = (
				Resources/Page1.png,
				Resources/Page2.png,
				Resources/Page3.png,
			);
			target = C8F767172D77A6B80060E9BE /* FlipFolder AppTests */;
		};
		C805E2CE2D8A625700064EEF /* Exceptions for "FlipFolder" folder in "FlipFolder AppUITests" target */ = {
			isa = PBXFileSystemSynchronizedBuildFileExceptionSet;
			membershipExceptions = (
				Resources/Page1.png,
				Resources/Page2.png,
				Resources/Page3.png,
			);
			target = C8F767212D77A6B80060E9BE /* FlipFolder AppUITests */;
		};
		C8345D0E2D7FAA5B00BBD07A /* Exceptions for "FlipFolder" folder in "FlipFolder App" target */ = {
			isa = PBXFileSystemSynchronizedBuildFileExceptionSet;
			membershipExceptions = (
				Info.plist,
			);
			target = C8F767072D77A6B60060E9BE /* FlipFolder App */;
		};
/* End PBXFileSystemSynchronizedBuildFileExceptionSet section */

/* Begin PBXFileSystemSynchronizedRootGroup section */
		C8F7670A2D77A6B60060E9BE /* FlipFolder */ = {
			isa = PBXFileSystemSynchronizedRootGroup;
			exceptions = (
				C8345D0E2D7FAA5B00BBD07A /* Exceptions for "FlipFolder" folder in "FlipFolder App" target */,
				C805E2CD2D8A625700064EEF /* Exceptions for "FlipFolder" folder in "FlipFolder AppTests" target */,
				C805E2CE2D8A625700064EEF /* Exceptions for "FlipFolder" folder in "FlipFolder AppUITests" target */,
			);
			path = FlipFolder;
			sourceTree = "<group>";
		};
		C8F7671B2D77A6B80060E9BE /* FlipFolder Tests */ = {
			isa = PBXFileSystemSynchronizedRootGroup;
			path = "FlipFolder Tests";
			sourceTree = "<group>";
		};
		C8F767252D77A6B80060E9BE /* FlipFolder UITests */ = {
			isa = PBXFileSystemSynchronizedRootGroup;
			path = "FlipFolder UITests";
			sourceTree = "<group>";
		};
/* End PBXFileSystemSynchronizedRootGroup section */

/* Begin PBXFrameworksBuildPhase section */
		C8F767052D77A6B60060E9BE /* Frameworks */ = {
			isa = PBXFrameworksBuildPhase;
			buildActionMask = 2147483647;
			files = (
			);
			runOnlyForDeploymentPostprocessing = 0;
		};
		C8F767152D77A6B80060E9BE /* Frameworks */ = {
			isa = PBXFrameworksBuildPhase;
			buildActionMask = 2147483647;
			files = (
			);
			runOnlyForDeploymentPostprocessing = 0;
		};
		C8F7671F2D77A6B80060E9BE /* Frameworks */ = {
			isa = PBXFrameworksBuildPhase;
			buildActionMask = 2147483647;
			files = (
			);
			runOnlyForDeploymentPostprocessing = 0;
		};
/* End PBXFrameworksBuildPhase section */

/* Begin PBXGroup section */
		C8F766FF2D77A6B60060E9BE = {
			isa = PBXGroup;
			children = (
				C8F7670A2D77A6B60060E9BE /* FlipFolder */,
				C8F7671B2D77A6B80060E9BE /* FlipFolder Tests */,
				C8F767252D77A6B80060E9BE /* FlipFolder UITests */,
				C8F767092D77A6B60060E9BE /* Products */,
			);
			sourceTree = "<group>";
		};
		C8F767092D77A6B60060E9BE /* Products */ = {
			isa = PBXGroup;
			children = (
				C8F767082D77A6B60060E9BE /* FlipFolder App.app */,
				C8F767182D77A6B80060E9BE /* FlipFolder AppTests.xctest */,
				C8F767222D77A6B80060E9BE /* FlipFolder AppUITests.xctest */,
			);
			name = Products;
			sourceTree = "<group>";
		};
/* End PBXGroup section */

/* Begin PBXNativeTarget section */
		C8F767072D77A6B60060E9BE /* FlipFolder App */ = {
			isa = PBXNativeTarget;
			buildConfigurationList = C8F7672C2D77A6B80060E9BE /* Build configuration list for PBXNativeTarget "FlipFolder App" */;
			buildPhases = (
				C8F767042D77A6B60060E9BE /* Sources */,
				C8F767052D77A6B60060E9BE /* Frameworks */,
				C8F767062D77A6B60060E9BE /* Resources */,
			);
			buildRules = (
			);
			dependencies = (
			);
			fileSystemSynchronizedGroups = (
				C8F7670A2D77A6B60060E9BE /* FlipFolder */,
			);
			name = "FlipFolder App";
			packageProductDependencies = (
			);
			productName = "FlipFolder App";
			productReference = C8F767082D77A6B60060E9BE /* FlipFolder App.app */;
			productType = "com.apple.product-type.application";
		};
		C8F767172D77A6B80060E9BE /* FlipFolder AppTests */ = {
			isa = PBXNativeTarget;
			buildConfigurationList = C8F7672F2D77A6B80060E9BE /* Build configuration list for PBXNativeTarget "FlipFolder AppTests" */;
			buildPhases = (
				C8F767142D77A6B80060E9BE /* Sources */,
				C8F767152D77A6B80060E9BE /* Frameworks */,
				C8F767162D77A6B80060E9BE /* Resources */,
			);
			buildRules = (
			);
			dependencies = (
				C8F7671A2D77A6B80060E9BE /* PBXTargetDependency */,
			);
			fileSystemSynchronizedGroups = (
				C8F7671B2D77A6B80060E9BE /* FlipFolder Tests */,
			);
			name = "FlipFolder AppTests";
			packageProductDependencies = (
			);
			productName = "FlipFolder AppTests";
			productReference = C8F767182D77A6B80060E9BE /* FlipFolder AppTests.xctest */;
			productType = "com.apple.product-type.bundle.unit-test";
		};
		C8F767212D77A6B80060E9BE /* FlipFolder AppUITests */ = {
			isa = PBXNativeTarget;
			buildConfigurationList = C8F767322D77A6B80060E9BE /* Build configuration list for PBXNativeTarget "FlipFolder AppUITests" */;
			buildPhases = (
				C8F7671E2D77A6B80060E9BE /* Sources */,
				C8F7671F2D77A6B80060E9BE /* Frameworks */,
				C8F767202D77A6B80060E9BE /* Resources */,
			);
			buildRules = (
			);
			dependencies = (
				C8F767242D77A6B80060E9BE /* PBXTargetDependency */,
			);
			fileSystemSynchronizedGroups = (
				C8F767252D77A6B80060E9BE /* FlipFolder UITests */,
			);
			name = "FlipFolder AppUITests";
			packageProductDependencies = (
			);
			productName = "FlipFolder AppUITests";
			productReference = C8F767222D77A6B80060E9BE /* FlipFolder AppUITests.xctest */;
			productType = "com.apple.product-type.bundle.ui-testing";
		};
/* End PBXNativeTarget section */

/* Begin PBXProject section */
		C8F767002D77A6B60060E9BE /* Project object */ = {
			isa = PBXProject;
			attributes = {
				BuildIndependentTargetsInParallel = 1;
				LastSwiftUpdateCheck = 1620;
				LastUpgradeCheck = 1620;
				TargetAttributes = {
					C8F767072D77A6B60060E9BE = {
						CreatedOnToolsVersion = 16.2;
					};
					C8F767172D77A6B80060E9BE = {
						CreatedOnToolsVersion = 16.2;
						TestTargetID = C8F767072D77A6B60060E9BE;
					};
					C8F767212D77A6B80060E9BE = {
						CreatedOnToolsVersion = 16.2;
						TestTargetID = C8F767072D77A6B60060E9BE;
					};
				};
			};
			buildConfigurationList = C8F767032D77A6B60060E9BE /* Build configuration list for PBXProject "FlipFolder" */;
			developmentRegion = en;
			hasScannedForEncodings = 0;
			knownRegions = (
				en,
				Base,
			);
			mainGroup = C8F766FF2D77A6B60060E9BE;
			minimizedProjectReferenceProxies = 1;
			preferredProjectObjectVersion = 77;
			productRefGroup = C8F767092D77A6B60060E9BE /* Products */;
			projectDirPath = "";
			projectRoot = "";
			targets = (
				C8F767072D77A6B60060E9BE /* FlipFolder App */,
				C8F767172D77A6B80060E9BE /* FlipFolder AppTests */,
				C8F767212D77A6B80060E9BE /* FlipFolder AppUITests */,
			);
		};
/* End PBXProject section */

/* Begin PBXResourcesBuildPhase section */
		C8F767062D77A6B60060E9BE /* Resources */ = {
			isa = PBXResourcesBuildPhase;
			buildActionMask = 2147483647;
			files = (
			);
			runOnlyForDeploymentPostprocessing = 0;
		};
		C8F767162D77A6B80060E9BE /* Resources */ = {
			isa = PBXResourcesBuildPhase;
			buildActionMask = 2147483647;
			files = (
			);
			runOnlyForDeploymentPostprocessing = 0;
		};
		C8F767202D77A6B80060E9BE /* Resources */ = {
			isa = PBXResourcesBuildPhase;
			buildActionMask = 2147483647;
			files = (
			);
			runOnlyForDeploymentPostprocessing = 0;
		};
/* End PBXResourcesBuildPhase section */

/* Begin PBXSourcesBuildPhase section */
		C8F767042D77A6B60060E9BE /* Sources */ = {
			isa = PBXSourcesBuildPhase;
			buildActionMask = 2147483647;
			files = (
			);
			runOnlyForDeploymentPostprocessing = 0;
		};
		C8F767142D77A6B80060E9BE /* Sources */ = {
			isa = PBXSourcesBuildPhase;
			buildActionMask = 2147483647;
			files = (
			);
			runOnlyForDeploymentPostprocessing = 0;
		};
		C8F7671E2D77A6B80060E9BE /* Sources */ = {
			isa = PBXSourcesBuildPhase;
			buildActionMask = 2147483647;
			files = (
			);
			runOnlyForDeploymentPostprocessing = 0;
		};
/* End PBXSourcesBuildPhase section */

/* Begin PBXTargetDependency section */
		C8F7671A2D77A6B80060E9BE /* PBXTargetDependency */ = {
			isa = PBXTargetDependency;
			target = C8F767072D77A6B60060E9BE /* FlipFolder App */;
			targetProxy = C8F767192D77A6B80060E9BE /* PBXContainerItemProxy */;
		};
		C8F767242D77A6B80060E9BE /* PBXTargetDependency */ = {
			isa = PBXTargetDependency;
			target = C8F767072D77A6B60060E9BE /* FlipFolder App */;
			targetProxy = C8F767232D77A6B80060E9BE /* PBXContainerItemProxy */;
		};
/* End PBXTargetDependency section */

/* Begin XCBuildConfiguration section */
		C8F7672A2D77A6B80060E9BE /* Debug */ = {
			isa = XCBuildConfiguration;
			buildSettings = {
				ALWAYS_SEARCH_USER_PATHS = NO;
				ASSETCATALOG_COMPILER_GENERATE_SWIFT_ASSET_SYMBOL_EXTENSIONS = YES;
				CLANG_ANALYZER_NONNULL = YES;
				CLANG_ANALYZER_NUMBER_OBJECT_CONVERSION = YES_AGGRESSIVE;
				CLANG_CXX_LANGUAGE_STANDARD = "gnu++20";
				CLANG_ENABLE_MODULES = YES;
				CLANG_ENABLE_OBJC_ARC = YES;
				CLANG_ENABLE_OBJC_WEAK = YES;
				CLANG_WARN_BLOCK_CAPTURE_AUTORELEASING = YES;
				CLANG_WARN_BOOL_CONVERSION = YES;
				CLANG_WARN_COMMA = YES;
				CLANG_WARN_CONSTANT_CONVERSION = YES;
				CLANG_WARN_DEPRECATED_OBJC_IMPLEMENTATIONS = YES;
				CLANG_WARN_DIRECT_OBJC_ISA_USAGE = YES_ERROR;
				CLANG_WARN_DOCUMENTATION_COMMENTS = YES;
				CLANG_WARN_EMPTY_BODY = YES;
				CLANG_WARN_ENUM_CONVERSION = YES;
				CLANG_WARN_INFINITE_RECURSION = YES;
				CLANG_WARN_INT_CONVERSION = YES;
				CLANG_WARN_NON_LITERAL_NULL_CONVERSION = YES;
				CLANG_WARN_OBJC_IMPLICIT_RETAIN_SELF = YES;
				CLANG_WARN_OBJC_LITERAL_CONVERSION = YES;
				CLANG_WARN_OBJC_ROOT_CLASS = YES_ERROR;
				CLANG_WARN_QUOTED_INCLUDE_IN_FRAMEWORK_HEADER = YES;
				CLANG_WARN_RANGE_LOOP_ANALYSIS = YES;
				CLANG_WARN_STRICT_PROTOTYPES = YES;
				CLANG_WARN_SUSPICIOUS_MOVE = YES;
				CLANG_WARN_UNGUARDED_AVAILABILITY = YES_AGGRESSIVE;
				CLANG_WARN_UNREACHABLE_CODE = YES;
				CLANG_WARN__DUPLICATE_METHOD_MATCH = YES;
				COPY_PHASE_STRIP = NO;
				DEBUG_INFORMATION_FORMAT = dwarf;
				ENABLE_STRICT_OBJC_MSGSEND = YES;
				ENABLE_TESTABILITY = YES;
				ENABLE_USER_SCRIPT_SANDBOXING = YES;
				GCC_C_LANGUAGE_STANDARD = gnu17;
				GCC_DYNAMIC_NO_PIC = NO;
				GCC_NO_COMMON_BLOCKS = YES;
				GCC_OPTIMIZATION_LEVEL = 0;
				GCC_PREPROCESSOR_DEFINITIONS = (
					"DEBUG=1",
					"$(inherited)",
				);
				GCC_WARN_64_TO_32_BIT_CONVERSION = YES;
				GCC_WARN_ABOUT_RETURN_TYPE = YES_ERROR;
				GCC_WARN_UNDECLARED_SELECTOR = YES;
				GCC_WARN_UNINITIALIZED_AUTOS = YES_AGGRESSIVE;
				GCC_WARN_UNUSED_FUNCTION = YES;
				GCC_WARN_UNUSED_VARIABLE = YES;
				IPHONEOS_DEPLOYMENT_TARGET = 18.2;
				LOCALIZATION_PREFERS_STRING_CATALOGS = YES;
				MTL_ENABLE_DEBUG_INFO = INCLUDE_SOURCE;
				MTL_FAST_MATH = YES;
				ONLY_ACTIVE_ARCH = YES;
				SDKROOT = iphoneos;
				SWIFT_ACTIVE_COMPILATION_CONDITIONS = "DEBUG $(inherited)";
				SWIFT_OPTIMIZATION_LEVEL = "-Onone";
			};
			name = Debug;
		};
		C8F7672B2D77A6B80060E9BE /* Release */ = {
			isa = XCBuildConfiguration;
			buildSettings = {
				ALWAYS_SEARCH_USER_PATHS = NO;
				ASSETCATALOG_COMPILER_GENERATE_SWIFT_ASSET_SYMBOL_EXTENSIONS = YES;
				CLANG_ANALYZER_NONNULL = YES;
				CLANG_ANALYZER_NUMBER_OBJECT_CONVERSION = YES_AGGRESSIVE;
				CLANG_CXX_LANGUAGE_STANDARD = "gnu++20";
				CLANG_ENABLE_MODULES = YES;
				CLANG_ENABLE_OBJC_ARC = YES;
				CLANG_ENABLE_OBJC_WEAK = YES;
				CLANG_WARN_BLOCK_CAPTURE_AUTORELEASING = YES;
				CLANG_WARN_BOOL_CONVERSION = YES;
				CLANG_WARN_COMMA = YES;
				CLANG_WARN_CONSTANT_CONVERSION = YES;
				CLANG_WARN_DEPRECATED_OBJC_IMPLEMENTATIONS = YES;
				CLANG_WARN_DIRECT_OBJC_ISA_USAGE = YES_ERROR;
				CLANG_WARN_DOCUMENTATION_COMMENTS = YES;
				CLANG_WARN_EMPTY_BODY = YES;
				CLANG_WARN_ENUM_CONVERSION = YES;
				CLANG_WARN_INFINITE_RECURSION = YES;
				CLANG_WARN_INT_CONVERSION = YES;
				CLANG_WARN_NON_LITERAL_NULL_CONVERSION = YES;
				CLANG_WARN_OBJC_IMPLICIT_RETAIN_SELF = YES;
				CLANG_WARN_OBJC_LITERAL_CONVERSION = YES;
				CLANG_WARN_OBJC_ROOT_CLASS = YES_ERROR;
				CLANG_WARN_QUOTED_INCLUDE_IN_FRAMEWORK_HEADER = YES;
				CLANG_WARN_RANGE_LOOP_ANALYSIS = YES;
				CLANG_WARN_STRICT_PROTOTYPES = YES;
				CLANG_WARN_SUSPICIOUS_MOVE = YES;
				CLANG_WARN_UNGUARDED_AVAILABILITY = YES_AGGRESSIVE;
				CLANG_WARN_UNREACHABLE_CODE = YES;
				CLANG_WARN__DUPLICATE_METHOD_MATCH = YES;
				COPY_PHASE_STRIP = NO;
				DEBUG_INFORMATION_FORMAT = "dwarf-with-dsym";
				ENABLE_NS_ASSERTIONS = NO;
				ENABLE_STRICT_OBJC_MSGSEND = YES;
				ENABLE_USER_SCRIPT_SANDBOXING = YES;
				GCC_C_LANGUAGE_STANDARD = gnu17;
				GCC_NO_COMMON_BLOCKS = YES;
				GCC_WARN_64_TO_32_BIT_CONVERSION = YES;
				GCC_WARN_ABOUT_RETURN_TYPE = YES_ERROR;
				GCC_WARN_UNDECLARED_SELECTOR = YES;
				GCC_WARN_UNINITIALIZED_AUTOS = YES_AGGRESSIVE;
				GCC_WARN_UNUSED_FUNCTION = YES;
				GCC_WARN_UNUSED_VARIABLE = YES;
				IPHONEOS_DEPLOYMENT_TARGET = 18.2;
				LOCALIZATION_PREFERS_STRING_CATALOGS = YES;
				MTL_ENABLE_DEBUG_INFO = NO;
				MTL_FAST_MATH = YES;
				SDKROOT = iphoneos;
				SWIFT_COMPILATION_MODE = wholemodule;
				VALIDATE_PRODUCT = YES;
			};
			name = Release;
		};
		C8F7672D2D77A6B80060E9BE /* Debug */ = {
			isa = XCBuildConfiguration;
			buildSettings = {
				ASSETCATALOG_COMPILER_APPICON_NAME = AppIcon;
				ASSETCATALOG_COMPILER_GLOBAL_ACCENT_COLOR_NAME = AccentColor;
				CODE_SIGN_STYLE = Automatic;
				CURRENT_PROJECT_VERSION = 1;
				DEVELOPMENT_ASSET_PATHS = "\"FlipFolder/Preview Content\"";
				DEVELOPMENT_TEAM = LK8M3QQF58;
				ENABLE_PREVIEWS = YES;
				GENERATE_INFOPLIST_FILE = YES;
				INFOPLIST_KEY_UIApplicationSceneManifest_Generation = YES;
				INFOPLIST_KEY_UIApplicationSupportsIndirectInputEvents = YES;
				INFOPLIST_KEY_UILaunchScreen_Generation = YES;
				INFOPLIST_KEY_UISupportedInterfaceOrientations_iPad = "UIInterfaceOrientationPortrait UIInterfaceOrientationPortraitUpsideDown UIInterfaceOrientationLandscapeLeft UIInterfaceOrientationLandscapeRight";
				INFOPLIST_KEY_UISupportedInterfaceOrientations_iPhone = "UIInterfaceOrientationPortrait UIInterfaceOrientationLandscapeLeft UIInterfaceOrientationLandscapeRight";
				LD_RUNPATH_SEARCH_PATHS = (
					"$(inherited)",
					"@executable_path/Frameworks",
				);
				MARKETING_VERSION = 1.0;
				PRODUCT_BUNDLE_IDENTIFIER = adamkuzma.FlipFolder;
				PRODUCT_NAME = "$(TARGET_NAME)";
				SWIFT_EMIT_LOC_STRINGS = YES;
				SWIFT_VERSION = 5.0;
				TARGETED_DEVICE_FAMILY = "1,2";
			};
			name = Debug;
		};
		C8F7672E2D77A6B80060E9BE /* Release */ = {
			isa = XCBuildConfiguration;
			buildSettings = {
				ASSETCATALOG_COMPILER_APPICON_NAME = AppIcon;
				ASSETCATALOG_COMPILER_GLOBAL_ACCENT_COLOR_NAME = AccentColor;
				CODE_SIGN_STYLE = Automatic;
				CURRENT_PROJECT_VERSION = 1;
				DEVELOPMENT_ASSET_PATHS = "\"FlipFolder/Preview Content\"";
				DEVELOPMENT_TEAM = LK8M3QQF58;
				ENABLE_PREVIEWS = YES;
				GENERATE_INFOPLIST_FILE = YES;
				INFOPLIST_KEY_UIApplicationSceneManifest_Generation = YES;
				INFOPLIST_KEY_UIApplicationSupportsIndirectInputEvents = YES;
				INFOPLIST_KEY_UILaunchScreen_Generation = YES;
				INFOPLIST_KEY_UISupportedInterfaceOrientations_iPad = "UIInterfaceOrientationPortrait UIInterfaceOrientationPortraitUpsideDown UIInterfaceOrientationLandscapeLeft UIInterfaceOrientationLandscapeRight";
				INFOPLIST_KEY_UISupportedInterfaceOrientations_iPhone = "UIInterfaceOrientationPortrait UIInterfaceOrientationLandscapeLeft UIInterfaceOrientationLandscapeRight";
				LD_RUNPATH_SEARCH_PATHS = (
					"$(inherited)",
					"@executable_path/Frameworks",
				);
				MARKETING_VERSION = 1.0;
				PRODUCT_BUNDLE_IDENTIFIER = adamkuzma.FlipFolder;
				PRODUCT_NAME = "$(TARGET_NAME)";
				SWIFT_EMIT_LOC_STRINGS = YES;
				SWIFT_VERSION = 5.0;
				TARGETED_DEVICE_FAMILY = "1,2";
			};
			name = Release;
		};
		C8F767302D77A6B80060E9BE /* Debug */ = {
			isa = XCBuildConfiguration;
			buildSettings = {
				BUNDLE_LOADER = "$(TEST_HOST)";
				CODE_SIGN_STYLE = Automatic;
				CURRENT_PROJECT_VERSION = 1;
				DEVELOPMENT_TEAM = LK8M3QQF58;
				GENERATE_INFOPLIST_FILE = YES;
				IPHONEOS_DEPLOYMENT_TARGET = 18.2;
				MARKETING_VERSION = 1.0;
				PRODUCT_BUNDLE_IDENTIFIER = "adamkuzma.FlipFolder-AppTests";
				PRODUCT_NAME = "$(TARGET_NAME)";
				SWIFT_EMIT_LOC_STRINGS = NO;
				SWIFT_VERSION = 5.0;
				TARGETED_DEVICE_FAMILY = "1,2";
				TEST_HOST = "$(BUILT_PRODUCTS_DIR)/FlipFolder App.app/$(BUNDLE_EXECUTABLE_FOLDER_PATH)/FlipFolder App";
			};
			name = Debug;
		};
		C8F767312D77A6B80060E9BE /* Release */ = {
			isa = XCBuildConfiguration;
			buildSettings = {
				BUNDLE_LOADER = "$(TEST_HOST)";
				CODE_SIGN_STYLE = Automatic;
				CURRENT_PROJECT_VERSION = 1;
				DEVELOPMENT_TEAM = LK8M3QQF58;
				GENERATE_INFOPLIST_FILE = YES;
				IPHONEOS_DEPLOYMENT_TARGET = 18.2;
				MARKETING_VERSION = 1.0;
				PRODUCT_BUNDLE_IDENTIFIER = "adamkuzma.FlipFolder-AppTests";
				PRODUCT_NAME = "$(TARGET_NAME)";
				SWIFT_EMIT_LOC_STRINGS = NO;
				SWIFT_VERSION = 5.0;
				TARGETED_DEVICE_FAMILY = "1,2";
				TEST_HOST = "$(BUILT_PRODUCTS_DIR)/FlipFolder App.app/$(BUNDLE_EXECUTABLE_FOLDER_PATH)/FlipFolder App";
			};
			name = Release;
		};
		C8F767332D77A6B80060E9BE /* Debug */ = {
			isa = XCBuildConfiguration;
			buildSettings = {
				CODE_SIGN_STYLE = Automatic;
				CURRENT_PROJECT_VERSION = 1;
				DEVELOPMENT_TEAM = LK8M3QQF58;
				GENERATE_INFOPLIST_FILE = YES;
				MARKETING_VERSION = 1.0;
				PRODUCT_BUNDLE_IDENTIFIER = "adamkuzma.FlipFolder-AppUITests";
				PRODUCT_NAME = "$(TARGET_NAME)";
				SWIFT_EMIT_LOC_STRINGS = NO;
				SWIFT_VERSION = 5.0;
				TARGETED_DEVICE_FAMILY = "1,2";
				TEST_TARGET_NAME = "FlipFolder App";
			};
			name = Debug;
		};
		C8F767342D77A6B80060E9BE /* Release */ = {
			isa = XCBuildConfiguration;
			buildSettings = {
				CODE_SIGN_STYLE = Automatic;
				CURRENT_PROJECT_VERSION = 1;
				DEVELOPMENT_TEAM = LK8M3QQF58;
				GENERATE_INFOPLIST_FILE = YES;
				MARKETING_VERSION = 1.0;
				PRODUCT_BUNDLE_IDENTIFIER = "adamkuzma.FlipFolder-AppUITests";
				PRODUCT_NAME = "$(TARGET_NAME)";
				SWIFT_EMIT_LOC_STRINGS = NO;
				SWIFT_VERSION = 5.0;
				TARGETED_DEVICE_FAMILY = "1,2";
				TEST_TARGET_NAME = "FlipFolder App";
			};
			name = Release;
		};
/* End XCBuildConfiguration section */

/* Begin XCConfigurationList section */
		C8F767032D77A6B60060E9BE /* Build configuration list for PBXProject "FlipFolder" */ = {
			isa = XCConfigurationList;
			buildConfigurations = (
				C8F7672A2D77A6B80060E9BE /* Debug */,
				C8F7672B2D77A6B80060E9BE /* Release */,
			);
			defaultConfigurationIsVisible = 0;
			defaultConfigurationName = Release;
		};
		C8F7672C2D77A6B80060E9BE /* Build configuration list for PBXNativeTarget "FlipFolder App" */ = {
			isa = XCConfigurationList;
			buildConfigurations = (
				C8F7672D2D77A6B80060E9BE /* Debug */,
				C8F7672E2D77A6B80060E9BE /* Release */,
			);
			defaultConfigurationIsVisible = 0;
			defaultConfigurationName = Release;
		};
		C8F7672F2D77A6B80060E9BE /* Build configuration list for PBXNativeTarget "FlipFolder AppTests" */ = {
			isa = XCConfigurationList;
			buildConfigurations = (
				C8F767302D77A6B80060E9BE /* Debug */,
				C8F767312D77A6B80060E9BE /* Release */,
			);
			defaultConfigurationIsVisible = 0;
			defaultConfigurationName = Release;
		};
		C8F767322D77A6B80060E9BE /* Build configuration list for PBXNativeTarget "FlipFolder AppUITests" */ = {
			isa = XCConfigurationList;
			buildConfigurations = (
				C8F767332D77A6B80060E9BE /* Debug */,
				C8F767342D77A6B80060E9BE /* Release */,
			);
			defaultConfigurationIsVisible = 0;
			defaultConfigurationName = Release;
		};
/* End XCConfigurationList section */
	};
	rootObject = C8F767002D77A6B60060E9BE /* Project object */;
}
